{
  "lockfileVersion": 1,
  "configVersion": 1,
  "workspaces": {
    "": {
      "name": "@harpia/common",
      "dependencies": {
        "@faker-js/faker": "^10.3.0",
        "harpiats": "^1.0.0-beta.19",
        "inflection": "^3.0.2",
        "lodash": "^4.17.23",
        "nodemailer": "^8.0.2",
        "zod": "^4.3.6",
      },
      "devDependencies": {
        "@types/bun": "^1.3.10",
        "@types/inflection": "^2.0.0",
        "@types/lodash": "^4.17.24",
        "@types/nodemailer": "^7.0.11",
      },
      "peerDependencies": {
        "typescript": "^5.0.0",
      },
    },
  },
  "packages": {
    "@faker-js/faker": ["@faker-js/faker@10.3.0", "", {}, "sha512-It0Sne6P3szg7JIi6CgKbvTZoMjxBZhcv91ZrqrNuaZQfB5WoqYYbzCUOq89YR+VY8juY9M1vDWmDDa2TzfXCw=="],

    "@types/bun": ["@types/bun@1.3.10", "", { "dependencies": { "bun-types": "1.3.10" } }, "sha512-0+rlrUrOrTSskibryHbvQkDOWRJwJZqZlxrUs1u4oOoTln8+WIXBPmAuCF35SWB2z4Zl3E84Nl/D0P7803nigQ=="],

    "@types/inflection": ["@types/inflection@2.0.0", "", { "dependencies": { "inflection": "*" } }, "sha512-wvtAa0dRWFxn/Dw7w7+LySUmN6Yvndvbc87djXaSc0KwhcG2g33LwXdaHg6p2KOddj/1+172GPSeazgandPO2Q=="],

    "@types/lodash": ["@types/lodash@4.17.24", "", {}, "sha512-gIW7lQLZbue7lRSWEFql49QJJWThrTFFeIMJdp3eH4tKoxm1OvEPg02rm4wCCSHS0cL3/Fizimb35b7k8atwsQ=="],

    "@types/node": ["@types/node@25.5.0", "", { "dependencies": { "undici-types": "~7.18.0" } }, "sha512-jp2P3tQMSxWugkCUKLRPVUpGaL5MVFwF8RDuSRztfwgN1wmqJeMSbKlnEtQqU8UrhTmzEmZdu2I6v2dpp7XIxw=="],

    "@types/nodemailer": ["@types/nodemailer@7.0.11", "", { "dependencies": { "@types/node": "*" } }, "sha512-E+U4RzR2dKrx+u3N4DlsmLaDC6mMZOM/TPROxA0UAPiTgI0y4CEFBmZE+coGWTjakDriRsXG368lNk1u9Q0a2g=="],

    "bun-types": ["bun-types@1.3.10", "", { "dependencies": { "@types/node": "*" } }, "sha512-tcpfCCl6XWo6nCVnpcVrxQ+9AYN1iqMIzgrSKYMB/fjLtV2eyAVEg7AxQJuCq/26R6HpKWykQXuSOq/21RYcbg=="],

    "harpiats": ["harpiats@1.0.0-beta.19", "", { "peerDependencies": { "typescript": "^5.9.3" }, "bin": { "harpiats": "index.ts" } }, "sha512-CZQXAkRkHPwNsUOd8nLzEN7RWcaG608Sq3RzlsBts462ieBRP8l6K0VJh2KbpamR6O3U/tIwYMOErTvLJj7cqQ=="],

    "inflection": ["inflection@3.0.2", "", {}, "sha512-+Bg3+kg+J6JUWn8J6bzFmOWkTQ6L/NHfDRSYU+EVvuKHDxUDHAXgqixHfVlzuBQaPOTac8hn43aPhMNk6rMe3g=="],

    "lodash": ["lodash@4.17.23", "", {}, "sha512-LgVTMpQtIopCi79SJeDiP0TfWi5CNEc/L/aRdTh3yIvmZXTnheWpKjSZhnvMl8iXbC1tFg9gdHHDMLoV7CnG+w=="],

    "nodemailer": ["nodemailer@8.0.2", "", {}, "sha512-zbj002pZAIkWQFxyAaqoxvn+zoIwRnS40hgjqTXudKOOJkiFFgBeNqjgD3/YCR12sZnrghWYBY+yP1ZucdDRpw=="],

    "typescript": ["typescript@5.9.3", "", { "bin": { "tsc": "bin/tsc", "tsserver": "bin/tsserver" } }, "sha512-jl1vZzPDinLr9eUt3J/t7V6FgNEw9QjvBPdysz9KfQDD41fQrC2Y4vKQdiaUpFT4bXlb1RHhLpp8wtm6M5TgSw=="],

    "undici-types": ["undici-types@7.18.2", "", {}, "sha512-AsuCzffGHJybSaRrmr5eHr81mwJU3kjw6M+uprWvCXiNeN9SOGwQ3Jn8jb8m3Z6izVgknn1R0FTCEAP2QrLY/w=="],

    "zod": ["zod@4.3.6", "", {}, "sha512-rftlrkhHZOcjDwkGlnUtZZkvaPHCsDATp4pGpuOOMDaTdDDXF91wuVDJoWoPsKX/3YPQ5fHuF3STjcYyKr+Qhg=="],
  }
}
